{
  "version": 4,
  "terraform_version": "1.5.6",
  "serial": 4,
  "lineage": "c85ab824-907c-9d8c-6115-6ac40be3e60a",
  "outputs": {},
  "resources": [
    {
      "mode": "data",
      "type": "yandex_compute_image",
      "name": "centos_image",
      "provider": "provider[\"registry.terraform.io/yandex-cloud/yandex\"]",
      "instances": [
        {
          "schema_version": 0,
          "attributes": {
            "created_at": "2023-08-28T10:52:59Z",
            "description": "centos 7",
            "family": "centos-7",
            "folder_id": "standard-images",
            "id": "fd8gtii5tam449chf8n2",
            "image_id": "fd8gtii5tam449chf8n2",
            "labels": {},
            "min_disk_size": 10,
            "name": "centos-7-v20230828",
            "os_type": "linux",
            "pooled": true,
            "product_ids": [
              "f2e1rrmvc3p5kfr96maa"
            ],
            "size": 2,
            "status": "ready"
          },
          "sensitive_attributes": []
        }
      ]
    },
    {
      "mode": "managed",
      "type": "yandex_compute_instance",
      "name": "vm-test1",
      "provider": "provider[\"registry.terraform.io/yandex-cloud/yandex\"]",
      "instances": [
        {
          "schema_version": 1,
          "attributes": {
            "allow_recreate": null,
            "allow_stopping_for_update": null,
            "boot_disk": [
              {
                "auto_delete": true,
                "device_name": "fhm3utbfq0agp20vvtu3",
                "disk_id": "fhm3utbfq0agp20vvtu3",
                "initialize_params": [
                  {
                    "block_size": 4096,
                    "description": "",
                    "image_id": "fd8gtii5tam449chf8n2",
                    "name": "",
                    "size": 10,
                    "snapshot_id": "",
                    "type": "network-hdd"
                  }
                ],
                "mode": "READ_WRITE"
              }
            ],
            "created_at": "2023-08-29T13:12:59Z",
            "description": "",
            "filesystem": [],
            "folder_id": "b1gb5mplcv6bu0g0eolj",
            "fqdn": "fhmdapv7u5iqfgqvmfvr.auto.internal",
            "gpu_cluster_id": "",
            "hostname": "",
            "id": "fhmdapv7u5iqfgqvmfvr",
            "labels": null,
            "local_disk": [],
            "metadata": {
              "user-data": "#cloud-config\nusers:\n  - name: admin\n    groups: sudo\n    shell: /bin/bash\n    sudo: ['ALL=(ALL) NOPASSWD:ALL']\n    ssh-authorized-keys:\n      - \"ssh-rsa AAAAB3NzaC1yc2EAAAADAQABAAABgQCyyX/dMsH1kVsWT7YXk3nYgeS3thYxGu9QWupFzLc/MWjCGfuQVTA1YCTFMf8ESohw7Xpnj2xQICDyE8pN1Lb1M2V3fvlhGjxPdgX1+bPp4s7XqyuQh5tiMmUcnfjM2yqWRckPjPtSfa8jNA3+Rnj+xR+Yfl2e/dOpC1TCxs4V3asT8B+tDEosX28ZcMizCVPQuCtD7kTpBDfpxBCa/oxelQMqj6fvV0JcTDDjUxO4s7spcIb70VX2F4sJciVb2kZYip0Gf3urlhXQjn6OAcEOLwz6TqFvVR5h9oHmd6GTY3lumDe6qXGQoJ9B8wfXjrtXlo7mslaRPPVuIdIW6UpTLLPEMN79JslQkkBhH+tkxOx6OO3nikVIT5KhSGkrdNMVFcUhVtSY4/9rsWV0lflU8unkxZ7uSArJeT/efs/UW9dUgGUvgdbowfGKmrcEiO/q/Ar+DdLNvGtiRj+Wr09ipmMLPJK90voCi/FGwt8mXM69ucQIhR+eZa9cEXOOYnc= user@centos8.localdomain\""
            },
            "metadata_options": [
              {
                "aws_v1_http_endpoint": 1,
                "aws_v1_http_token": 2,
                "gce_http_endpoint": 1,
                "gce_http_token": 1
              }
            ],
            "name": "test1",
            "network_acceleration_type": "standard",
            "network_interface": [
              {
                "dns_record": [],
                "index": 0,
                "ip_address": "192.168.15.13",
                "ipv4": true,
                "ipv6": false,
                "ipv6_address": "",
                "ipv6_dns_record": [],
                "mac_address": "d0:0d:d5:67:e7:f1",
                "nat": true,
                "nat_dns_record": [],
                "nat_ip_address": "158.160.121.208",
                "nat_ip_version": "IPV4",
                "security_group_ids": [],
                "subnet_id": "e9bqk9blpr5ibv7su4ro"
              }
            ],
            "placement_policy": [
              {
                "host_affinity_rules": [],
                "placement_group_id": ""
              }
            ],
            "platform_id": "standard-v1",
            "resources": [
              {
                "core_fraction": 100,
                "cores": 2,
                "gpus": 0,
                "memory": 2
              }
            ],
            "scheduling_policy": [
              {
                "preemptible": false
              }
            ],
            "secondary_disk": [],
            "service_account_id": "",
            "status": "running",
            "timeouts": null,
            "zone": "ru-central1-a"
          },
          "sensitive_attributes": [],
          "private": "eyJlMmJmYjczMC1lY2FhLTExZTYtOGY4OC0zNDM2M2JjN2M0YzAiOnsiY3JlYXRlIjozMDAwMDAwMDAwMDAsImRlbGV0ZSI6MzAwMDAwMDAwMDAwLCJ1cGRhdGUiOjMwMDAwMDAwMDAwMH0sInNjaGVtYV92ZXJzaW9uIjoiMSJ9",
          "dependencies": [
            "data.yandex_compute_image.centos_image",
            "yandex_vpc_network.network_terraform",
            "yandex_vpc_subnet.subnet_terraform"
          ]
        }
      ]
    },
    {
      "mode": "managed",
      "type": "yandex_vpc_network",
      "name": "network_terraform",
      "provider": "provider[\"registry.terraform.io/yandex-cloud/yandex\"]",
      "instances": [
        {
          "schema_version": 0,
          "attributes": {
            "created_at": "2023-08-29T13:12:57Z",
            "default_security_group_id": "",
            "description": "",
            "folder_id": "b1gb5mplcv6bu0g0eolj",
            "id": "enpiqromki115du7akgu",
            "labels": {},
            "name": "net_terraform",
            "subnet_ids": [],
            "timeouts": null
          },
          "sensitive_attributes": [],
          "private": "eyJlMmJmYjczMC1lY2FhLTExZTYtOGY4OC0zNDM2M2JjN2M0YzAiOnsiY3JlYXRlIjo2MDAwMDAwMDAwMCwiZGVsZXRlIjo2MDAwMDAwMDAwMCwidXBkYXRlIjo2MDAwMDAwMDAwMH19"
        }
      ]
    },
    {
      "mode": "managed",
      "type": "yandex_vpc_subnet",
      "name": "subnet_terraform",
      "provider": "provider[\"registry.terraform.io/yandex-cloud/yandex\"]",
      "instances": [
        {
          "schema_version": 0,
          "attributes": {
            "created_at": "2023-08-29T13:12:58Z",
            "description": "",
            "dhcp_options": [],
            "folder_id": "b1gb5mplcv6bu0g0eolj",
            "id": "e9bqk9blpr5ibv7su4ro",
            "labels": {},
            "name": "sub_terraform",
            "network_id": "enpiqromki115du7akgu",
            "route_table_id": "",
            "timeouts": null,
            "v4_cidr_blocks": [
              "192.168.15.0/24"
            ],
            "v6_cidr_blocks": [],
            "zone": "ru-central1-a"
          },
          "sensitive_attributes": [],
          "private": "eyJlMmJmYjczMC1lY2FhLTExZTYtOGY4OC0zNDM2M2JjN2M0YzAiOnsiY3JlYXRlIjoxODAwMDAwMDAwMDAsImRlbGV0ZSI6MTgwMDAwMDAwMDAwLCJ1cGRhdGUiOjE4MDAwMDAwMDAwMH19",
          "dependencies": [
            "yandex_vpc_network.network_terraform"
          ]
        }
      ]
    }
  ],
  "check_results": null
}
